// !$*UTF8*$!
{
	archiveVersion = 1;
	classes = {
	};
	objectVersion = 46;
	objects = {

/* Begin PBXBuildFile section */
		4E758C6D1B89A08400A9089F /* MJRefresh.bundle in Resources */ = {isa = PBXBuildFile; fileRef = 4E758C5D1B89A08400A9089F /* MJRefresh.bundle */; };
		4E758C6E1B89A08400A9089F /* MJRefreshBaseView.m in Sources */ = {isa = PBXBuildFile; fileRef = 4E758C601B89A08400A9089F /* MJRefreshBaseView.m */; };
		4E758C6F1B89A08400A9089F /* MJRefreshConst.m in Sources */ = {isa = PBXBuildFile; fileRef = 4E758C621B89A08400A9089F /* MJRefreshConst.m */; };
		4E758C701B89A08400A9089F /* MJRefreshFooterView.m in Sources */ = {isa = PBXBuildFile; fileRef = 4E758C641B89A08400A9089F /* MJRefreshFooterView.m */; };
		4E758C711B89A08400A9089F /* MJRefreshHeaderView.m in Sources */ = {isa = PBXBuildFile; fileRef = 4E758C661B89A08400A9089F /* MJRefreshHeaderView.m */; };
		4E758C721B89A08400A9089F /* UIScrollView+MJExtension.m in Sources */ = {isa = PBXBuildFile; fileRef = 4E758C681B89A08400A9089F /* UIScrollView+MJExtension.m */; };
		4E758C731B89A08400A9089F /* UIScrollView+MJRefresh.m in Sources */ = {isa = PBXBuildFile; fileRef = 4E758C6A1B89A08400A9089F /* UIScrollView+MJRefresh.m */; };
		4E758C741B89A08400A9089F /* UIView+MJExtension.m in Sources */ = {isa = PBXBuildFile; fileRef = 4E758C6C1B89A08400A9089F /* UIView+MJExtension.m */; };
		4E9E47D21B8966F700FA4959 /* main.m in Sources */ = {isa = PBXBuildFile; fileRef = 4E9E47D11B8966F700FA4959 /* main.m */; };
		4E9E47D51B8966F700FA4959 /* AppDelegate.m in Sources */ = {isa = PBXBuildFile; fileRef = 4E9E47D41B8966F700FA4959 /* AppDelegate.m */; };
		4E9E47D81B8966F700FA4959 /* WaterFile.xcdatamodeld in Sources */ = {isa = PBXBuildFile; fileRef = 4E9E47D61B8966F700FA4959 /* WaterFile.xcdatamodeld */; };
		4E9E47DB1B8966F700FA4959 /* ViewController.m in Sources */ = {isa = PBXBuildFile; fileRef = 4E9E47DA1B8966F700FA4959 /* ViewController.m */; };
		4E9E47DE1B8966F700FA4959 /* Main.storyboard in Resources */ = {isa = PBXBuildFile; fileRef = 4E9E47DC1B8966F700FA4959 /* Main.storyboard */; };
		4E9E47E01B8966F700FA4959 /* Images.xcassets in Resources */ = {isa = PBXBuildFile; fileRef = 4E9E47DF1B8966F700FA4959 /* Images.xcassets */; };
		4E9E47E31B8966F700FA4959 /* LaunchScreen.xib in Resources */ = {isa = PBXBuildFile; fileRef = 4E9E47E11B8966F700FA4959 /* LaunchScreen.xib */; };
		4E9E47EF1B8966F700FA4959 /* WaterFileTests.m in Sources */ = {isa = PBXBuildFile; fileRef = 4E9E47EE1B8966F700FA4959 /* WaterFileTests.m */; };
		4E9E47FA1B896A3900FA4959 /* CustomWaterFlowLayout.m in Sources */ = {isa = PBXBuildFile; fileRef = 4E9E47F91B896A3900FA4959 /* CustomWaterFlowLayout.m */; };
		4E9E47FE1B896C1B00FA4959 /* PictureCell.m in Sources */ = {isa = PBXBuildFile; fileRef = 4E9E47FC1B896C1B00FA4959 /* PictureCell.m */; };
		4E9E47FF1B896C1B00FA4959 /* PictureCell.xib in Resources */ = {isa = PBXBuildFile; fileRef = 4E9E47FD1B896C1B00FA4959 /* PictureCell.xib */; };
		4E9E48021B89707500FA4959 /* PictureModel.m in Sources */ = {isa = PBXBuildFile; fileRef = 4E9E48011B89707500FA4959 /* PictureModel.m */; };
		4E9E48251B89719700FA4959 /* MKAnnotationView+WebCache.m in Sources */ = {isa = PBXBuildFile; fileRef = 4E9E48051B89719700FA4959 /* MKAnnotationView+WebCache.m */; };
		4E9E48261B89719700FA4959 /* NSData+ImageContentType.m in Sources */ = {isa = PBXBuildFile; fileRef = 4E9E48071B89719700FA4959 /* NSData+ImageContentType.m */; };
		4E9E48271B89719700FA4959 /* SDImageCache.m in Sources */ = {isa = PBXBuildFile; fileRef = 4E9E48091B89719700FA4959 /* SDImageCache.m */; };
		4E9E48281B89719700FA4959 /* SDWebImageCompat.m in Sources */ = {isa = PBXBuildFile; fileRef = 4E9E480B1B89719700FA4959 /* SDWebImageCompat.m */; };
		4E9E48291B89719700FA4959 /* SDWebImageDecoder.m in Sources */ = {isa = PBXBuildFile; fileRef = 4E9E480D1B89719700FA4959 /* SDWebImageDecoder.m */; };
		4E9E482A1B89719700FA4959 /* SDWebImageDownloader.m in Sources */ = {isa = PBXBuildFile; fileRef = 4E9E480F1B89719700FA4959 /* SDWebImageDownloader.m */; };
		4E9E482B1B89719700FA4959 /* SDWebImageDownloaderOperation.m in Sources */ = {isa = PBXBuildFile; fileRef = 4E9E48111B89719700FA4959 /* SDWebImageDownloaderOperation.m */; };
		4E9E482C1B89719700FA4959 /* SDWebImageManager.m in Sources */ = {isa = PBXBuildFile; fileRef = 4E9E48131B89719700FA4959 /* SDWebImageManager.m */; };
		4E9E482D1B89719700FA4959 /* SDWebImagePrefetcher.m in Sources */ = {isa = PBXBuildFile; fileRef = 4E9E48161B89719700FA4959 /* SDWebImagePrefetcher.m */; };
		4E9E482E1B89719700FA4959 /* UIButton+WebCache.m in Sources */ = {isa = PBXBuildFile; fileRef = 4E9E48181B89719700FA4959 /* UIButton+WebCache.m */; };
		4E9E482F1B89719700FA4959 /* UIImage+GIF.m in Sources */ = {isa = PBXBuildFile; fileRef = 4E9E481A1B89719700FA4959 /* UIImage+GIF.m */; };
		4E9E48301B89719700FA4959 /* UIImage+MultiFormat.m in Sources */ = {isa = PBXBuildFile; fileRef = 4E9E481C1B89719700FA4959 /* UIImage+MultiFormat.m */; };
		4E9E48311B89719700FA4959 /* UIImage+WebP.m in Sources */ = {isa = PBXBuildFile; fileRef = 4E9E481E1B89719700FA4959 /* UIImage+WebP.m */; };
		4E9E48321B89719700FA4959 /* UIImageView+HighlightedWebCache.m in Sources */ = {isa = PBXBuildFile; fileRef = 4E9E48201B89719700FA4959 /* UIImageView+HighlightedWebCache.m */; };
		4E9E48331B89719700FA4959 /* UIImageView+WebCache.m in Sources */ = {isa = PBXBuildFile; fileRef = 4E9E48221B89719700FA4959 /* UIImageView+WebCache.m */; };
		4E9E48341B89719700FA4959 /* UIView+WebCacheOperation.m in Sources */ = {isa = PBXBuildFile; fileRef = 4E9E48241B89719700FA4959 /* UIView+WebCacheOperation.m */; };
		4E9E483D1B8971CA00FA4959 /* HttpRequestBlock.m in Sources */ = {isa = PBXBuildFile; fileRef = 4E9E48371B8971CA00FA4959 /* HttpRequestBlock.m */; };
		4E9E483E1B8971CA00FA4959 /* MyMD5.m in Sources */ = {isa = PBXBuildFile; fileRef = 4E9E483A1B8971CA00FA4959 /* MyMD5.m */; };
		4E9E483F1B8971CA00FA4959 /* NSFileManager+Method.m in Sources */ = {isa = PBXBuildFile; fileRef = 4E9E483C1B8971CA00FA4959 /* NSFileManager+Method.m */; };
		4E9E48581B89757C00FA4959 /* MJArgument.m in Sources */ = {isa = PBXBuildFile; fileRef = 4E9E48421B89757C00FA4959 /* MJArgument.m */; };
		4E9E48591B89757C00FA4959 /* MJConst.m in Sources */ = {isa = PBXBuildFile; fileRef = 4E9E48441B89757C00FA4959 /* MJConst.m */; };
		4E9E485A1B89757C00FA4959 /* MJFoundation.m in Sources */ = {isa = PBXBuildFile; fileRef = 4E9E48471B89757C00FA4959 /* MJFoundation.m */; };
		4E9E485B1B89757C00FA4959 /* MJIvar.m in Sources */ = {isa = PBXBuildFile; fileRef = 4E9E48491B89757C00FA4959 /* MJIvar.m */; };
		4E9E485C1B89757C00FA4959 /* MJMember.m in Sources */ = {isa = PBXBuildFile; fileRef = 4E9E484B1B89757C00FA4959 /* MJMember.m */; };
		4E9E485D1B89757C00FA4959 /* MJMethod.m in Sources */ = {isa = PBXBuildFile; fileRef = 4E9E484D1B89757C00FA4959 /* MJMethod.m */; };
		4E9E485E1B89757C00FA4959 /* MJType.m in Sources */ = {isa = PBXBuildFile; fileRef = 4E9E484F1B89757C00FA4959 /* MJType.m */; };
		4E9E485F1B89757C00FA4959 /* MJTypeEncoding.m in Sources */ = {isa = PBXBuildFile; fileRef = 4E9E48511B89757C00FA4959 /* MJTypeEncoding.m */; };
		4E9E48601B89757C00FA4959 /* NSObject+MJCoding.m in Sources */ = {isa = PBXBuildFile; fileRef = 4E9E48531B89757C00FA4959 /* NSObject+MJCoding.m */; };
		4E9E48611B89757C00FA4959 /* NSObject+MJKeyValue.m in Sources */ = {isa = PBXBuildFile; fileRef = 4E9E48551B89757C00FA4959 /* NSObject+MJKeyValue.m */; };
		4E9E48621B89757C00FA4959 /* NSObject+MJMember.m in Sources */ = {isa = PBXBuildFile; fileRef = 4E9E48571B89757C00FA4959 /* NSObject+MJMember.m */; };
/* End PBXBuildFile section */

/* Begin PBXContainerItemProxy section */
		4E9E47E91B8966F700FA4959 /* PBXContainerItemProxy */ = {
			isa = PBXContainerItemProxy;
			containerPortal = 4E9E47C41B8966F700FA4959 /* Project object */;
			proxyType = 1;
			remoteGlobalIDString = 4E9E47CB1B8966F700FA4959;
			remoteInfo = WaterFile;
		};
/* End PBXContainerItemProxy section */

/* Begin PBXFileReference section */
		4E758C5D1B89A08400A9089F /* MJRefresh.bundle */ = {isa = PBXFileReference; lastKnownFileType = "wrapper.plug-in"; path = MJRefresh.bundle; sourceTree = "<group>"; };
		4E758C5E1B89A08400A9089F /* MJRefresh.h */ = {isa = PBXFileReference; fileEncoding = 4; lastKnownFileType = sourcecode.c.h; path = MJRefresh.h; sourceTree = "<group>"; };
		4E758C5F1B89A08400A9089F /* MJRefreshBaseView.h */ = {isa = PBXFileReference; fileEncoding = 4; lastKnownFileType = sourcecode.c.h; path = MJRefreshBaseView.h; sourceTree = "<group>"; };
		4E758C601B89A08400A9089F /* MJRefreshBaseView.m */ = {isa = PBXFileReference; fileEncoding = 4; lastKnownFileType = sourcecode.c.objc; path = MJRefreshBaseView.m; sourceTree = "<group>"; };
		4E758C611B89A08400A9089F /* MJRefreshConst.h */ = {isa = PBXFileReference; fileEncoding = 4; lastKnownFileType = sourcecode.c.h; path = MJRefreshConst.h; sourceTree = "<group>"; };
		4E758C621B89A08400A9089F /* MJRefreshConst.m */ = {isa = PBXFileReference; fileEncoding = 4; lastKnownFileType = sourcecode.c.objc; path = MJRefreshConst.m; sourceTree = "<group>"; };
		4E758C631B89A08400A9089F /* MJRefreshFooterView.h */ = {isa = PBXFileReference; fileEncoding = 4; lastKnownFileType = sourcecode.c.h; path = MJRefreshFooterView.h; sourceTree = "<group>"; };
		4E758C641B89A08400A9089F /* MJRefreshFooterView.m */ = {isa = PBXFileReference; fileEncoding = 4; lastKnownFileType = sourcecode.c.objc; path = MJRefreshFooterView.m; sourceTree = "<group>"; };
		4E758C651B89A08400A9089F /* MJRefreshHeaderView.h */ = {isa = PBXFileReference; fileEncoding = 4; lastKnownFileType = sourcecode.c.h; path = MJRefreshHeaderView.h; sourceTree = "<group>"; };
		4E758C661B89A08400A9089F /* MJRefreshHeaderView.m */ = {isa = PBXFileReference; fileEncoding = 4; lastKnownFileType = sourcecode.c.objc; path = MJRefreshHeaderView.m; sourceTree = "<group>"; };
		4E758C671B89A08400A9089F /* UIScrollView+MJExtension.h */ = {isa = PBXFileReference; fileEncoding = 4; lastKnownFileType = sourcecode.c.h; path = "UIScrollView+MJExtension.h"; sourceTree = "<group>"; };
		4E758C681B89A08400A9089F /* UIScrollView+MJExtension.m */ = {isa = PBXFileReference; fileEncoding = 4; lastKnownFileType = sourcecode.c.objc; path = "UIScrollView+MJExtension.m"; sourceTree = "<group>"; };
		4E758C691B89A08400A9089F /* UIScrollView+MJRefresh.h */ = {isa = PBXFileReference; fileEncoding = 4; lastKnownFileType = sourcecode.c.h; path = "UIScrollView+MJRefresh.h"; sourceTree = "<group>"; };
		4E758C6A1B89A08400A9089F /* UIScrollView+MJRefresh.m */ = {isa = PBXFileReference; fileEncoding = 4; lastKnownFileType = sourcecode.c.objc; path = "UIScrollView+MJRefresh.m"; sourceTree = "<group>"; };
		4E758C6B1B89A08400A9089F /* UIView+MJExtension.h */ = {isa = PBXFileReference; fileEncoding = 4; lastKnownFileType = sourcecode.c.h; path = "UIView+MJExtension.h"; sourceTree = "<group>"; };
		4E758C6C1B89A08400A9089F /* UIView+MJExtension.m */ = {isa = PBXFileReference; fileEncoding = 4; lastKnownFileType = sourcecode.c.objc; path = "UIView+MJExtension.m"; sourceTree = "<group>"; };
		4E9E47CC1B8966F700FA4959 /* WaterFile.app */ = {isa = PBXFileReference; explicitFileType = wrapper.application; includeInIndex = 0; path = WaterFile.app; sourceTree = BUILT_PRODUCTS_DIR; };
		4E9E47D01B8966F700FA4959 /* Info.plist */ = {isa = PBXFileReference; lastKnownFileType = text.plist.xml; path = Info.plist; sourceTree = "<group>"; };
		4E9E47D11B8966F700FA4959 /* main.m */ = {isa = PBXFileReference; lastKnownFileType = sourcecode.c.objc; path = main.m; sourceTree = "<group>"; };
		4E9E47D31B8966F700FA4959 /* AppDelegate.h */ = {isa = PBXFileReference; lastKnownFileType = sourcecode.c.h; path = AppDelegate.h; sourceTree = "<group>"; };
		4E9E47D41B8966F700FA4959 /* AppDelegate.m */ = {isa = PBXFileReference; lastKnownFileType = sourcecode.c.objc; path = AppDelegate.m; sourceTree = "<group>"; };
		4E9E47D71B8966F700FA4959 /* WaterFile.xcdatamodel */ = {isa = PBXFileReference; lastKnownFileType = wrapper.xcdatamodel; path = WaterFile.xcdatamodel; sourceTree = "<group>"; };
		4E9E47D91B8966F700FA4959 /* ViewController.h */ = {isa = PBXFileReference; lastKnownFileType = sourcecode.c.h; path = ViewController.h; sourceTree = "<group>"; };
		4E9E47DA1B8966F700FA4959 /* ViewController.m */ = {isa = PBXFileReference; lastKnownFileType = sourcecode.c.objc; path = ViewController.m; sourceTree = "<group>"; };
		4E9E47DD1B8966F700FA4959 /* Base */ = {isa = PBXFileReference; lastKnownFileType = file.storyboard; name = Base; path = Base.lproj/Main.storyboard; sourceTree = "<group>"; };
		4E9E47DF1B8966F700FA4959 /* Images.xcassets */ = {isa = PBXFileReference; lastKnownFileType = folder.assetcatalog; path = Images.xcassets; sourceTree = "<group>"; };
		4E9E47E21B8966F700FA4959 /* Base */ = {isa = PBXFileReference; lastKnownFileType = file.xib; name = Base; path = Base.lproj/LaunchScreen.xib; sourceTree = "<group>"; };
		4E9E47E81B8966F700FA4959 /* WaterFileTests.xctest */ = {isa = PBXFileReference; explicitFileType = wrapper.cfbundle; includeInIndex = 0; path = WaterFileTests.xctest; sourceTree = BUILT_PRODUCTS_DIR; };
		4E9E47ED1B8966F700FA4959 /* Info.plist */ = {isa = PBXFileReference; lastKnownFileType = text.plist.xml; path = Info.plist; sourceTree = "<group>"; };
		4E9E47EE1B8966F700FA4959 /* WaterFileTests.m */ = {isa = PBXFileReference; lastKnownFileType = sourcecode.c.objc; path = WaterFileTests.m; sourceTree = "<group>"; };
		4E9E47F81B896A3900FA4959 /* CustomWaterFlowLayout.h */ = {isa = PBXFileReference; fileEncoding = 4; lastKnownFileType = sourcecode.c.h; path = CustomWaterFlowLayout.h; sourceTree = "<group>"; };
		4E9E47F91B896A3900FA4959 /* CustomWaterFlowLayout.m */ = {isa = PBXFileReference; fileEncoding = 4; lastKnownFileType = sourcecode.c.objc; path = CustomWaterFlowLayout.m; sourceTree = "<group>"; };
		4E9E47FB1B896C1B00FA4959 /* PictureCell.h */ = {isa = PBXFileReference; fileEncoding = 4; lastKnownFileType = sourcecode.c.h; path = PictureCell.h; sourceTree = "<group>"; };
		4E9E47FC1B896C1B00FA4959 /* PictureCell.m */ = {isa = PBXFileReference; fileEncoding = 4; lastKnownFileType = sourcecode.c.objc; path = PictureCell.m; sourceTree = "<group>"; };
		4E9E47FD1B896C1B00FA4959 /* PictureCell.xib */ = {isa = PBXFileReference; fileEncoding = 4; lastKnownFileType = file.xib; path = PictureCell.xib; sourceTree = "<group>"; };
		4E9E48001B89707500FA4959 /* PictureModel.h */ = {isa = PBXFileReference; fileEncoding = 4; lastKnownFileType = sourcecode.c.h; path = PictureModel.h; sourceTree = "<group>"; };
		4E9E48011B89707500FA4959 /* PictureModel.m */ = {isa = PBXFileReference; fileEncoding = 4; lastKnownFileType = sourcecode.c.objc; path = PictureModel.m; sourceTree = "<group>"; };
		4E9E48041B89719700FA4959 /* MKAnnotationView+WebCache.h */ = {isa = PBXFileReference; fileEncoding = 4; lastKnownFileType = sourcecode.c.h; path = "MKAnnotationView+WebCache.h"; sourceTree = "<group>"; };
		4E9E48051B89719700FA4959 /* MKAnnotationView+WebCache.m */ = {isa = PBXFileReference; fileEncoding = 4; lastKnownFileType = sourcecode.c.objc; path = "MKAnnotationView+WebCache.m"; sourceTree = "<group>"; };
		4E9E48061B89719700FA4959 /* NSData+ImageContentType.h */ = {isa = PBXFileReference; fileEncoding = 4; lastKnownFileType = sourcecode.c.h; path = "NSData+ImageContentType.h"; sourceTree = "<group>"; };
		4E9E48071B89719700FA4959 /* NSData+ImageContentType.m */ = {isa = PBXFileReference; fileEncoding = 4; lastKnownFileType = sourcecode.c.objc; path = "NSData+ImageContentType.m"; sourceTree = "<group>"; };
		4E9E48081B89719700FA4959 /* SDImageCache.h */ = {isa = PBXFileReference; fileEncoding = 4; lastKnownFileType = sourcecode.c.h; path = SDImageCache.h; sourceTree = "<group>"; };
		4E9E48091B89719700FA4959 /* SDImageCache.m */ = {isa = PBXFileReference; fileEncoding = 4; lastKnownFileType = sourcecode.c.objc; path = SDImageCache.m; sourceTree = "<group>"; };
		4E9E480A1B89719700FA4959 /* SDWebImageCompat.h */ = {isa = PBXFileReference; fileEncoding = 4; lastKnownFileType = sourcecode.c.h; path = SDWebImageCompat.h; sourceTree = "<group>"; };
		4E9E480B1B89719700FA4959 /* SDWebImageCompat.m */ = {isa = PBXFileReference; fileEncoding = 4; lastKnownFileType = sourcecode.c.objc; path = SDWebImageCompat.m; sourceTree = "<group>"; };
		4E9E480C1B89719700FA4959 /* SDWebImageDecoder.h */ = {isa = PBXFileReference; fileEncoding = 4; lastKnownFileType = sourcecode.c.h; path = SDWebImageDecoder.h; sourceTree = "<group>"; };
		4E9E480D1B89719700FA4959 /* SDWebImageDecoder.m */ = {isa = PBXFileReference; fileEncoding = 4; lastKnownFileType = sourcecode.c.objc; path = SDWebImageDecoder.m; sourceTree = "<group>"; };
		4E9E480E1B89719700FA4959 /* SDWebImageDownloader.h */ = {isa = PBXFileReference; fileEncoding = 4; lastKnownFileType = sourcecode.c.h; path = SDWebImageDownloader.h; sourceTree = "<group>"; };
		4E9E480F1B89719700FA4959 /* SDWebImageDownloader.m */ = {isa = PBXFileReference; fileEncoding = 4; lastKnownFileType = sourcecode.c.objc; path = SDWebImageDownloader.m; sourceTree = "<group>"; };
		4E9E48101B89719700FA4959 /* SDWebImageDownloaderOperation.h */ = {isa = PBXFileReference; fileEncoding = 4; lastKnownFileType = sourcecode.c.h; path = SDWebImageDownloaderOperation.h; sourceTree = "<group>"; };
		4E9E48111B89719700FA4959 /* SDWebImageDownloaderOperation.m */ = {isa = PBXFileReference; fileEncoding = 4; lastKnownFileType = sourcecode.c.objc; path = SDWebImageDownloaderOperation.m; sourceTree = "<group>"; };
		4E9E48121B89719700FA4959 /* SDWebImageManager.h */ = {isa = PBXFileReference; fileEncoding = 4; lastKnownFileType = sourcecode.c.h; path = SDWebImageManager.h; sourceTree = "<group>"; };
		4E9E48131B89719700FA4959 /* SDWebImageManager.m */ = {isa = PBXFileReference; fileEncoding = 4; lastKnownFileType = sourcecode.c.objc; path = SDWebImageManager.m; sourceTree = "<group>"; };
		4E9E48141B89719700FA4959 /* SDWebImageOperation.h */ = {isa = PBXFileReference; fileEncoding = 4; lastKnownFileType = sourcecode.c.h; path = SDWebImageOperation.h; sourceTree = "<group>"; };
		4E9E48151B89719700FA4959 /* SDWebImagePrefetcher.h */ = {isa = PBXFileReference; fileEncoding = 4; lastKnownFileType = sourcecode.c.h; path = SDWebImagePrefetcher.h; sourceTree = "<group>"; };
		4E9E48161B89719700FA4959 /* SDWebImagePrefetcher.m */ = {isa = PBXFileReference; fileEncoding = 4; lastKnownFileType = sourcecode.c.objc; path = SDWebImagePrefetcher.m; sourceTree = "<group>"; };
		4E9E48171B89719700FA4959 /* UIButton+WebCache.h */ = {isa = PBXFileReference; fileEncoding = 4; lastKnownFileType = sourcecode.c.h; path = "UIButton+WebCache.h"; sourceTree = "<group>"; };
		4E9E48181B89719700FA4959 /* UIButton+WebCache.m */ = {isa = PBXFileReference; fileEncoding = 4; lastKnownFileType = sourcecode.c.objc; path = "UIButton+WebCache.m"; sourceTree = "<group>"; };
		4E9E48191B89719700FA4959 /* UIImage+GIF.h */ = {isa = PBXFileReference; fileEncoding = 4; lastKnownFileType = sourcecode.c.h; path = "UIImage+GIF.h"; sourceTree = "<group>"; };
		4E9E481A1B89719700FA4959 /* UIImage+GIF.m */ = {isa = PBXFileReference; fileEncoding = 4; lastKnownFileType = sourcecode.c.objc; path = "UIImage+GIF.m"; sourceTree = "<group>"; };
		4E9E481B1B89719700FA4959 /* UIImage+MultiFormat.h */ = {isa = PBXFileReference; fileEncoding = 4; lastKnownFileType = sourcecode.c.h; path = "UIImage+MultiFormat.h"; sourceTree = "<group>"; };
		4E9E481C1B89719700FA4959 /* UIImage+MultiFormat.m */ = {isa = PBXFileReference; fileEncoding = 4; lastKnownFileType = sourcecode.c.objc; path = "UIImage+MultiFormat.m"; sourceTree = "<group>"; };
		4E9E481D1B89719700FA4959 /* UIImage+WebP.h */ = {isa = PBXFileReference; fileEncoding = 4; lastKnownFileType = sourcecode.c.h; path = "UIImage+WebP.h"; sourceTree = "<group>"; };
		4E9E481E1B89719700FA4959 /* UIImage+WebP.m */ = {isa = PBXFileReference; fileEncoding = 4; lastKnownFileType = sourcecode.c.objc; path = "UIImage+WebP.m"; sourceTree = "<group>"; };
		4E9E481F1B89719700FA4959 /* UIImageView+HighlightedWebCache.h */ = {isa = PBXFileReference; fileEncoding = 4; lastKnownFileType = sourcecode.c.h; path = "UIImageView+HighlightedWebCache.h"; sourceTree = "<group>"; };
		4E9E48201B89719700FA4959 /* UIImageView+HighlightedWebCache.m */ = {isa = PBXFileReference; fileEncoding = 4; lastKnownFileType = sourcecode.c.objc; path = "UIImageView+HighlightedWebCache.m"; sourceTree = "<group>"; };
		4E9E48211B89719700FA4959 /* UIImageView+WebCache.h */ = {isa = PBXFileReference; fileEncoding = 4; lastKnownFileType = sourcecode.c.h; path = "UIImageView+WebCache.h"; sourceTree = "<group>"; };
		4E9E48221B89719700FA4959 /* UIImageView+WebCache.m */ = {isa = PBXFileReference; fileEncoding = 4; lastKnownFileType = sourcecode.c.objc; path = "UIImageView+WebCache.m"; sourceTree = "<group>"; };
		4E9E48231B89719700FA4959 /* UIView+WebCacheOperation.h */ = {isa = PBXFileReference; fileEncoding = 4; lastKnownFileType = sourcecode.c.h; path = "UIView+WebCacheOperation.h"; sourceTree = "<group>"; };
		4E9E48241B89719700FA4959 /* UIView+WebCacheOperation.m */ = {isa = PBXFileReference; fileEncoding = 4; lastKnownFileType = sourcecode.c.objc; path = "UIView+WebCacheOperation.m"; sourceTree = "<group>"; };
		4E9E48361B8971CA00FA4959 /* HttpRequestBlock.h */ = {isa = PBXFileReference; fileEncoding = 4; lastKnownFileType = sourcecode.c.h; path = HttpRequestBlock.h; sourceTree = "<group>"; };
		4E9E48371B8971CA00FA4959 /* HttpRequestBlock.m */ = {isa = PBXFileReference; fileEncoding = 4; lastKnownFileType = sourcecode.c.objc; path = HttpRequestBlock.m; sourceTree = "<group>"; };
		4E9E48391B8971CA00FA4959 /* MyMD5.h */ = {isa = PBXFileReference; fileEncoding = 4; lastKnownFileType = sourcecode.c.h; path = MyMD5.h; sourceTree = "<group>"; };
		4E9E483A1B8971CA00FA4959 /* MyMD5.m */ = {isa = PBXFileReference; fileEncoding = 4; lastKnownFileType = sourcecode.c.objc; path = MyMD5.m; sourceTree = "<group>"; };
		4E9E483B1B8971CA00FA4959 /* NSFileManager+Method.h */ = {isa = PBXFileReference; fileEncoding = 4; lastKnownFileType = sourcecode.c.h; path = "NSFileManager+Method.h"; sourceTree = "<group>"; };
		4E9E483C1B8971CA00FA4959 /* NSFileManager+Method.m */ = {isa = PBXFileReference; fileEncoding = 4; lastKnownFileType = sourcecode.c.objc; path = "NSFileManager+Method.m"; sourceTree = "<group>"; };
		4E9E48411B89757C00FA4959 /* MJArgument.h */ = {isa = PBXFileReference; fileEncoding = 4; lastKnownFileType = sourcecode.c.h; path = MJArgument.h; sourceTree = "<group>"; };
		4E9E48421B89757C00FA4959 /* MJArgument.m */ = {isa = PBXFileReference; fileEncoding = 4; lastKnownFileType = sourcecode.c.objc; path = MJArgument.m; sourceTree = "<group>"; };
		4E9E48431B89757C00FA4959 /* MJConst.h */ = {isa = PBXFileReference; fileEncoding = 4; lastKnownFileType = sourcecode.c.h; path = MJConst.h; sourceTree = "<group>"; };
		4E9E48441B89757C00FA4959 /* MJConst.m */ = {isa = PBXFileReference; fileEncoding = 4; lastKnownFileType = sourcecode.c.objc; path = MJConst.m; sourceTree = "<group>"; };
		4E9E48451B89757C00FA4959 /* MJExtension.h */ = {isa = PBXFileReference; fileEncoding = 4; lastKnownFileType = sourcecode.c.h; path = MJExtension.h; sourceTree = "<group>"; };
		4E9E48461B89757C00FA4959 /* MJFoundation.h */ = {isa = PBXFileReference; fileEncoding = 4; lastKnownFileType = sourcecode.c.h; path = MJFoundation.h; sourceTree = "<group>"; };
		4E9E48471B89757C00FA4959 /* MJFoundation.m */ = {isa = PBXFileReference; fileEncoding = 4; lastKnownFileType = sourcecode.c.objc; path = MJFoundation.m; sourceTree = "<group>"; };
		4E9E48481B89757C00FA4959 /* MJIvar.h */ = {isa = PBXFileReference; fileEncoding = 4; lastKnownFileType = sourcecode.c.h; path = MJIvar.h; sourceTree = "<group>"; };
		4E9E48491B89757C00FA4959 /* MJIvar.m */ = {isa = PBXFileReference; fileEncoding = 4; lastKnownFileType = sourcecode.c.objc; path = MJIvar.m; sourceTree = "<group>"; };
		4E9E484A1B89757C00FA4959 /* MJMember.h */ = {isa = PBXFileReference; fileEncoding = 4; lastKnownFileType = sourcecode.c.h; path = MJMember.h; sourceTree = "<group>"; };
		4E9E484B1B89757C00FA4959 /* MJMember.m */ = {isa = PBXFileReference; fileEncoding = 4; lastKnownFileType = sourcecode.c.objc; path = MJMember.m; sourceTree = "<group>"; };
		4E9E484C1B89757C00FA4959 /* MJMethod.h */ = {isa = PBXFileReference; fileEncoding = 4; lastKnownFileType = sourcecode.c.h; path = MJMethod.h; sourceTree = "<group>"; };
		4E9E484D1B89757C00FA4959 /* MJMethod.m */ = {isa = PBXFileReference; fileEncoding = 4; lastKnownFileType = sourcecode.c.objc; path = MJMethod.m; sourceTree = "<group>"; };
		4E9E484E1B89757C00FA4959 /* MJType.h */ = {isa = PBXFileReference; fileEncoding = 4; lastKnownFileType = sourcecode.c.h; path = MJType.h; sourceTree = "<group>"; };
		4E9E484F1B89757C00FA4959 /* MJType.m */ = {isa = PBXFileReference; fileEncoding = 4; lastKnownFileType = sourcecode.c.objc; path = MJType.m; sourceTree = "<group>"; };
		4E9E48501B89757C00FA4959 /* MJTypeEncoding.h */ = {isa = PBXFileReference; fileEncoding = 4; lastKnownFileType = sourcecode.c.h; path = MJTypeEncoding.h; sourceTree = "<group>"; };
		4E9E48511B89757C00FA4959 /* MJTypeEncoding.m */ = {isa = PBXFileReference; fileEncoding = 4; lastKnownFileType = sourcecode.c.objc; path = MJTypeEncoding.m; sourceTree = "<group>"; };
		4E9E48521B89757C00FA4959 /* NSObject+MJCoding.h */ = {isa = PBXFileReference; fileEncoding = 4; lastKnownFileType = sourcecode.c.h; path = "NSObject+MJCoding.h"; sourceTree = "<group>"; };
		4E9E48531B89757C00FA4959 /* NSObject+MJCoding.m */ = {isa = PBXFileReference; fileEncoding = 4; lastKnownFileType = sourcecode.c.objc; path = "NSObject+MJCoding.m"; sourceTree = "<group>"; };
		4E9E48541B89757C00FA4959 /* NSObject+MJKeyValue.h */ = {isa = PBXFileReference; fileEncoding = 4; lastKnownFileType = sourcecode.c.h; path = "NSObject+MJKeyValue.h"; sourceTree = "<group>"; };
		4E9E48551B89757C00FA4959 /* NSObject+MJKeyValue.m */ = {isa = PBXFileReference; fileEncoding = 4; lastKnownFileType = sourcecode.c.objc; path = "NSObject+MJKeyValue.m"; sourceTree = "<group>"; };
		4E9E48561B89757C00FA4959 /* NSObject+MJMember.h */ = {isa = PBXFileReference; fileEncoding = 4; lastKnownFileType = sourcecode.c.h; path = "NSObject+MJMember.h"; sourceTree = "<group>"; };
		4E9E48571B89757C00FA4959 /* NSObject+MJMember.m */ = {isa = PBXFileReference; fileEncoding = 4; lastKnownFileType = sourcecode.c.objc; path = "NSObject+MJMember.m"; sourceTree = "<group>"; };
/* End PBXFileReference section */

/* Begin PBXFrameworksBuildPhase section */
		4E9E47C91B8966F700FA4959 /* Frameworks */ = {
			isa = PBXFrameworksBuildPhase;
			buildActionMask = 2147483647;
			files = (
			);
			runOnlyForDeploymentPostprocessing = 0;
		};
		4E9E47E51B8966F700FA4959 /* Frameworks */ = {
			isa = PBXFrameworksBuildPhase;
			buildActionMask = 2147483647;
			files = (
			);
			runOnlyForDeploymentPostprocessing = 0;
		};
/* End PBXFrameworksBuildPhase section */

/* Begin PBXGroup section */
		4E758C5C1B89A08400A9089F /* MJRefresh */ = {
			isa = PBXGroup;
			children = (
				4E758C5D1B89A08400A9089F /* MJRefresh.bundle */,
				4E758C5E1B89A08400A9089F /* MJRefresh.h */,
				4E758C5F1B89A08400A9089F /* MJRefreshBaseView.h */,
				4E758C601B89A08400A9089F /* MJRefreshBaseView.m */,
				4E758C611B89A08400A9089F /* MJRefreshConst.h */,
				4E758C621B89A08400A9089F /* MJRefreshConst.m */,
				4E758C631B89A08400A9089F /* MJRefreshFooterView.h */,
				4E758C641B89A08400A9089F /* MJRefreshFooterView.m */,
				4E758C651B89A08400A9089F /* MJRefreshHeaderView.h */,
				4E758C661B89A08400A9089F /* MJRefreshHeaderView.m */,
				4E758C671B89A08400A9089F /* UIScrollView+MJExtension.h */,
				4E758C681B89A08400A9089F /* UIScrollView+MJExtension.m */,
				4E758C691B89A08400A9089F /* UIScrollView+MJRefresh.h */,
				4E758C6A1B89A08400A9089F /* UIScrollView+MJRefresh.m */,
				4E758C6B1B89A08400A9089F /* UIView+MJExtension.h */,
				4E758C6C1B89A08400A9089F /* UIView+MJExtension.m */,
			);
			path = MJRefresh;
			sourceTree = "<group>";
		};
		4E9E47C31B8966F700FA4959 = {
			isa = PBXGroup;
			children = (
				4E9E47CE1B8966F700FA4959 /* WaterFile */,
				4E9E47EB1B8966F700FA4959 /* WaterFileTests */,
				4E9E47CD1B8966F700FA4959 /* Products */,
			);
			sourceTree = "<group>";
		};
		4E9E47CD1B8966F700FA4959 /* Products */ = {
			isa = PBXGroup;
			children = (
				4E9E47CC1B8966F700FA4959 /* WaterFile.app */,
				4E9E47E81B8966F700FA4959 /* WaterFileTests.xctest */,
			);
			name = Products;
			sourceTree = "<group>";
		};
		4E9E47CE1B8966F700FA4959 /* WaterFile */ = {
			isa = PBXGroup;
			children = (
				4E758C5C1B89A08400A9089F /* MJRefresh */,
				4E9E48401B89757C00FA4959 /* MJExtension */,
				4E9E48351B8971CA00FA4959 /* NetWork */,
				4E9E48031B89719700FA4959 /* SDWebImage */,
				4E9E47D31B8966F700FA4959 /* AppDelegate.h */,
				4E9E47D41B8966F700FA4959 /* AppDelegate.m */,
				4E9E47D91B8966F700FA4959 /* ViewController.h */,
				4E9E47DA1B8966F700FA4959 /* ViewController.m */,
				4E9E47DC1B8966F700FA4959 /* Main.storyboard */,
				4E9E47DF1B8966F700FA4959 /* Images.xcassets */,
				4E9E47E11B8966F700FA4959 /* LaunchScreen.xib */,
				4E9E47D61B8966F700FA4959 /* WaterFile.xcdatamodeld */,
				4E9E47CF1B8966F700FA4959 /* Supporting Files */,
				4E9E47F81B896A3900FA4959 /* CustomWaterFlowLayout.h */,
				4E9E47F91B896A3900FA4959 /* CustomWaterFlowLayout.m */,
				4E9E47FB1B896C1B00FA4959 /* PictureCell.h */,
				4E9E47FC1B896C1B00FA4959 /* PictureCell.m */,
				4E9E47FD1B896C1B00FA4959 /* PictureCell.xib */,
				4E9E48001B89707500FA4959 /* PictureModel.h */,
				4E9E48011B89707500FA4959 /* PictureModel.m */,
			);
			path = WaterFile;
			sourceTree = "<group>";
		};
		4E9E47CF1B8966F700FA4959 /* Supporting Files */ = {
			isa = PBXGroup;
			children = (
				4E9E47D01B8966F700FA4959 /* Info.plist */,
				4E9E47D11B8966F700FA4959 /* main.m */,
			);
			name = "Supporting Files";
			sourceTree = "<group>";
		};
		4E9E47EB1B8966F700FA4959 /* WaterFileTests */ = {
			isa = PBXGroup;
			children = (
				4E9E47EE1B8966F700FA4959 /* WaterFileTests.m */,
				4E9E47EC1B8966F700FA4959 /* Supporting Files */,
			);
			path = WaterFileTests;
			sourceTree = "<group>";
		};
		4E9E47EC1B8966F700FA4959 /* Supporting Files */ = {
			isa = PBXGroup;
			children = (
				4E9E47ED1B8966F700FA4959 /* Info.plist */,
			);
			name = "Supporting Files";
			sourceTree = "<group>";
		};
		4E9E48031B89719700FA4959 /* SDWebImage */ = {
			isa = PBXGroup;
			children = (
				4E9E48041B89719700FA4959 /* MKAnnotationView+WebCache.h */,
				4E9E48051B89719700FA4959 /* MKAnnotationView+WebCache.m */,
				4E9E48061B89719700FA4959 /* NSData+ImageContentType.h */,
				4E9E48071B89719700FA4959 /* NSData+ImageContentType.m */,
				4E9E48081B89719700FA4959 /* SDImageCache.h */,
				4E9E48091B89719700FA4959 /* SDImageCache.m */,
				4E9E480A1B89719700FA4959 /* SDWebImageCompat.h */,
				4E9E480B1B89719700FA4959 /* SDWebImageCompat.m */,
				4E9E480C1B89719700FA4959 /* SDWebImageDecoder.h */,
				4E9E480D1B89719700FA4959 /* SDWebImageDecoder.m */,
				4E9E480E1B89719700FA4959 /* SDWebImageDownloader.h */,
				4E9E480F1B89719700FA4959 /* SDWebImageDownloader.m */,
				4E9E48101B89719700FA4959 /* SDWebImageDownloaderOperation.h */,
				4E9E48111B89719700FA4959 /* SDWebImageDownloaderOperation.m */,
				4E9E48121B89719700FA4959 /* SDWebImageManager.h */,
				4E9E48131B89719700FA4959 /* SDWebImageManager.m */,
				4E9E48141B89719700FA4959 /* SDWebImageOperation.h */,
				4E9E48151B89719700FA4959 /* SDWebImagePrefetcher.h */,
				4E9E48161B89719700FA4959 /* SDWebImagePrefetcher.m */,
				4E9E48171B89719700FA4959 /* UIButton+WebCache.h */,
				4E9E48181B89719700FA4959 /* UIButton+WebCache.m */,
				4E9E48191B89719700FA4959 /* UIImage+GIF.h */,
				4E9E481A1B89719700FA4959 /* UIImage+GIF.m */,
				4E9E481B1B89719700FA4959 /* UIImage+MultiFormat.h */,
				4E9E481C1B89719700FA4959 /* UIImage+MultiFormat.m */,
				4E9E481D1B89719700FA4959 /* UIImage+WebP.h */,
				4E9E481E1B89719700FA4959 /* UIImage+WebP.m */,
				4E9E481F1B89719700FA4959 /* UIImageView+HighlightedWebCache.h */,
				4E9E48201B89719700FA4959 /* UIImageView+HighlightedWebCache.m */,
				4E9E48211B89719700FA4959 /* UIImageView+WebCache.h */,
				4E9E48221B89719700FA4959 /* UIImageView+WebCache.m */,
				4E9E48231B89719700FA4959 /* UIView+WebCacheOperation.h */,
				4E9E48241B89719700FA4959 /* UIView+WebCacheOperation.m */,
			);
			path = SDWebImage;
			sourceTree = "<group>";
		};
		4E9E48351B8971CA00FA4959 /* NetWork */ = {
			isa = PBXGroup;
			children = (
				4E9E48361B8971CA00FA4959 /* HttpRequestBlock.h */,
				4E9E48371B8971CA00FA4959 /* HttpRequestBlock.m */,
				4E9E48381B8971CA00FA4959 /* MD5 */,
				4E9E483B1B8971CA00FA4959 /* NSFileManager+Method.h */,
				4E9E483C1B8971CA00FA4959 /* NSFileManager+Method.m */,
			);
			path = NetWork;
			sourceTree = "<group>";
		};
		4E9E48381B8971CA00FA4959 /* MD5 */ = {
			isa = PBXGroup;
			children = (
				4E9E48391B8971CA00FA4959 /* MyMD5.h */,
				4E9E483A1B8971CA00FA4959 /* MyMD5.m */,
			);
			path = MD5;
			sourceTree = "<group>";
		};
		4E9E48401B89757C00FA4959 /* MJExtension */ = {
			isa = PBXGroup;
			children = (
				4E9E48411B89757C00FA4959 /* MJArgument.h */,
				4E9E48421B89757C00FA4959 /* MJArgument.m */,
				4E9E48431B89757C00FA4959 /* MJConst.h */,
				4E9E48441B89757C00FA4959 /* MJConst.m */,
				4E9E48451B89757C00FA4959 /* MJExtension.h */,
				4E9E48461B89757C00FA4959 /* MJFoundation.h */,
				4E9E48471B89757C00FA4959 /* MJFoundation.m */,
				4E9E48481B89757C00FA4959 /* MJIvar.h */,
				4E9E48491B89757C00FA4959 /* MJIvar.m */,
				4E9E484A1B89757C00FA4959 /* MJMember.h */,
				4E9E484B1B89757C00FA4959 /* MJMember.m */,
				4E9E484C1B89757C00FA4959 /* MJMethod.h */,
				4E9E484D1B89757C00FA4959 /* MJMethod.m */,
				4E9E484E1B89757C00FA4959 /* MJType.h */,
				4E9E484F1B89757C00FA4959 /* MJType.m */,
				4E9E48501B89757C00FA4959 /* MJTypeEncoding.h */,
				4E9E48511B89757C00FA4959 /* MJTypeEncoding.m */,
				4E9E48521B89757C00FA4959 /* NSObject+MJCoding.h */,
				4E9E48531B89757C00FA4959 /* NSObject+MJCoding.m */,
				4E9E48541B89757C00FA4959 /* NSObject+MJKeyValue.h */,
				4E9E48551B89757C00FA4959 /* NSObject+MJKeyValue.m */,
				4E9E48561B89757C00FA4959 /* NSObject+MJMember.h */,
				4E9E48571B89757C00FA4959 /* NSObject+MJMember.m */,
			);
			path = MJExtension;
			sourceTree = "<group>";
		};
/* End PBXGroup section */

/* Begin PBXNativeTarget section */
		4E9E47CB1B8966F700FA4959 /* WaterFile */ = {
			isa = PBXNativeTarget;
			buildConfigurationList = 4E9E47F21B8966F700FA4959 /* Build configuration list for PBXNativeTarget "WaterFile" */;
			buildPhases = (
				4E9E47C81B8966F700FA4959 /* Sources */,
				4E9E47C91B8966F700FA4959 /* Frameworks */,
				4E9E47CA1B8966F700FA4959 /* Resources */,
			);
			buildRules = (
			);
			dependencies = (
			);
			name = WaterFile;
			productName = WaterFile;
			productReference = 4E9E47CC1B8966F700FA4959 /* WaterFile.app */;
			productType = "com.apple.product-type.application";
		};
		4E9E47E71B8966F700FA4959 /* WaterFileTests */ = {
			isa = PBXNativeTarget;
			buildConfigurationList = 4E9E47F51B8966F700FA4959 /* Build configuration list for PBXNativeTarget "WaterFileTests" */;
			buildPhases = (
				4E9E47E41B8966F700FA4959 /* Sources */,
				4E9E47E51B8966F700FA4959 /* Frameworks */,
				4E9E47E61B8966F700FA4959 /* Resources */,
			);
			buildRules = (
			);
			dependencies = (
				4E9E47EA1B8966F700FA4959 /* PBXTargetDependency */,
			);
			name = WaterFileTests;
			productName = WaterFileTests;
			productReference = 4E9E47E81B8966F700FA4959 /* WaterFileTests.xctest */;
			productType = "com.apple.product-type.bundle.unit-test";
		};
/* End PBXNativeTarget section */

/* Begin PBXProject section */
		4E9E47C41B8966F700FA4959 /* Project object */ = {
			isa = PBXProject;
			attributes = {
				LastUpgradeCheck = 0640;
				ORGANIZATIONNAME = zhanghua;
				TargetAttributes = {
					4E9E47CB1B8966F700FA4959 = {
						CreatedOnToolsVersion = 6.4;
					};
					4E9E47E71B8966F700FA4959 = {
						CreatedOnToolsVersion = 6.4;
						TestTargetID = 4E9E47CB1B8966F700FA4959;
					};
				};
			};
			buildConfigurationList = 4E9E47C71B8966F700FA4959 /* Build configuration list for PBXProject "WaterFile" */;
			compatibilityVersion = "Xcode 3.2";
			developmentRegion = English;
			hasScannedForEncodings = 0;
			knownRegions = (
				en,
				Base,
			);
			mainGroup = 4E9E47C31B8966F700FA4959;
			productRefGroup = 4E9E47CD1B8966F700FA4959 /* Products */;
			projectDirPath = "";
			projectRoot = "";
			targets = (
				4E9E47CB1B8966F700FA4959 /* WaterFile */,
				4E9E47E71B8966F700FA4959 /* WaterFileTests */,
			);
		};
/* End PBXProject section */

/* Begin PBXResourcesBuildPhase section */
		4E9E47CA1B8966F700FA4959 /* Resources */ = {
			isa = PBXResourcesBuildPhase;
			buildActionMask = 2147483647;
			files = (
				4E9E47FF1B896C1B00FA4959 /* PictureCell.xib in Resources */,
				4E9E47DE1B8966F700FA4959 /* Main.storyboard in Resources */,
				4E9E47E31B8966F700FA4959 /* LaunchScreen.xib in Resources */,
				4E758C6D1B89A08400A9089F /* MJRefresh.bundle in Resources */,
				4E9E47E01B8966F700FA4959 /* Images.xcassets in Resources */,
			);
			runOnlyForDeploymentPostprocessing = 0;
		};
		4E9E47E61B8966F700FA4959 /* Resources */ = {
			isa = PBXResourcesBuildPhase;
			buildActionMask = 2147483647;
			files = (
			);
			runOnlyForDeploymentPostprocessing = 0;
		};
/* End PBXResourcesBuildPhase section */

/* Begin PBXSourcesBuildPhase section */
		4E9E47C81B8966F700FA4959 /* Sources */ = {
			isa = PBXSourcesBuildPhase;
			buildActionMask = 2147483647;
			files = (
				4E9E485C1B89757C00FA4959 /* MJMember.m in Sources */,
				4E9E485F1B89757C00FA4959 /* MJTypeEncoding.m in Sources */,
				4E9E485B1B89757C00FA4959 /* MJIvar.m in Sources */,
				4E9E48331B89719700FA4959 /* UIImageView+WebCache.m in Sources */,
				4E9E48611B89757C00FA4959 /* NSObject+MJKeyValue.m in Sources */,
				4E9E482F1B89719700FA4959 /* UIImage+GIF.m in Sources */,
				4E758C6E1B89A08400A9089F /* MJRefreshBaseView.m in Sources */,
				4E9E48591B89757C00FA4959 /* MJConst.m in Sources */,
				4E9E48281B89719700FA4959 /* SDWebImageCompat.m in Sources */,
				4E9E483F1B8971CA00FA4959 /* NSFileManager+Method.m in Sources */,
				4E758C711B89A08400A9089F /* MJRefreshHeaderView.m in Sources */,
				4E9E48581B89757C00FA4959 /* MJArgument.m in Sources */,
				4E9E482E1B89719700FA4959 /* UIButton+WebCache.m in Sources */,
				4E9E48301B89719700FA4959 /* UIImage+MultiFormat.m in Sources */,
				4E9E482D1B89719700FA4959 /* SDWebImagePrefetcher.m in Sources */,
				4E9E47FE1B896C1B00FA4959 /* PictureCell.m in Sources */,
				4E9E48341B89719700FA4959 /* UIView+WebCacheOperation.m in Sources */,
				4E9E48601B89757C00FA4959 /* NSObject+MJCoding.m in Sources */,
				4E9E48251B89719700FA4959 /* MKAnnotationView+WebCache.m in Sources */,
				4E9E483D1B8971CA00FA4959 /* HttpRequestBlock.m in Sources */,
				4E9E48311B89719700FA4959 /* UIImage+WebP.m in Sources */,
				4E9E485E1B89757C00FA4959 /* MJType.m in Sources */,
				4E9E48021B89707500FA4959 /* PictureModel.m in Sources */,
				4E9E482B1B89719700FA4959 /* SDWebImageDownloaderOperation.m in Sources */,
				4E9E48291B89719700FA4959 /* SDWebImageDecoder.m in Sources */,
				4E9E47D81B8966F700FA4959 /* WaterFile.xcdatamodeld in Sources */,
				4E9E48321B89719700FA4959 /* UIImageView+HighlightedWebCache.m in Sources */,
				4E758C6F1B89A08400A9089F /* MJRefreshConst.m in Sources */,
				4E9E483E1B8971CA00FA4959 /* MyMD5.m in Sources */,
				4E9E48261B89719700FA4959 /* NSData+ImageContentType.m in Sources */,
				4E758C721B89A08400A9089F /* UIScrollView+MJExtension.m in Sources */,
				4E758C741B89A08400A9089F /* UIView+MJExtension.m in Sources */,
				4E9E482A1B89719700FA4959 /* SDWebImageDownloader.m in Sources */,
				4E9E47D51B8966F700FA4959 /* AppDelegate.m in Sources */,
				4E9E47FA1B896A3900FA4959 /* CustomWaterFlowLayout.m in Sources */,
				4E758C701B89A08400A9089F /* MJRefreshFooterView.m in Sources */,
				4E9E47DB1B8966F700FA4959 /* ViewController.m in Sources */,
				4E9E485A1B89757C00FA4959 /* MJFoundation.m in Sources */,
				4E9E48621B89757C00FA4959 /* NSObject+MJMember.m in Sources */,
				4E9E482C1B89719700FA4959 /* SDWebImageManager.m in Sources */,
				4E9E485D1B89757C00FA4959 /* MJMethod.m in Sources */,
				4E758C731B89A08400A9089F /* UIScrollView+MJRefresh.m in Sources */,
				4E9E47D21B8966F700FA4959 /* main.m in Sources */,
				4E9E48271B89719700FA4959 /* SDImageCache.m in Sources */,
			);
			runOnlyForDeploymentPostprocessing = 0;
		};
		4E9E47E41B8966F700FA4959 /* Sources */ = {
			isa = PBXSourcesBuildPhase;
			buildActionMask = 2147483647;
			files = (
				4E9E47EF1B8966F700FA4959 /* WaterFileTests.m in Sources */,
			);
			runOnlyForDeploymentPostprocessing = 0;
		};
/* End PBXSourcesBuildPhase section */

/* Begin PBXTargetDependency section */
		4E9E47EA1B8966F700FA4959 /* PBXTargetDependency */ = {
			isa = PBXTargetDependency;
			target = 4E9E47CB1B8966F700FA4959 /* WaterFile */;
			targetProxy = 4E9E47E91B8966F700FA4959 /* PBXContainerItemProxy */;
		};
/* End PBXTargetDependency section */

/* Begin PBXVariantGroup section */
		4E9E47DC1B8966F700FA4959 /* Main.storyboard */ = {
			isa = PBXVariantGroup;
			children = (
				4E9E47DD1B8966F700FA4959 /* Base */,
			);
			name = Main.storyboard;
			sourceTree = "<group>";
		};
		4E9E47E11B8966F700FA4959 /* LaunchScreen.xib */ = {
			isa = PBXVariantGroup;
			children = (
				4E9E47E21B8966F700FA4959 /* Base */,
			);
			name = LaunchScreen.xib;
			sourceTree = "<group>";
		};
/* End PBXVariantGroup section */

/* Begin XCBuildConfiguration section */
		4E9E47F01B8966F700FA4959 /* Debug */ = {
			isa = XCBuildConfiguration;
			buildSettings = {
				ALWAYS_SEARCH_USER_PATHS = NO;
				CLANG_CXX_LANGUAGE_STANDARD = "gnu++0x";
				CLANG_CXX_LIBRARY = "libc++";
				CLANG_ENABLE_MODULES = YES;
				CLANG_ENABLE_OBJC_ARC = YES;
				CLANG_WARN_BOOL_CONVERSION = YES;
				CLANG_WARN_CONSTANT_CONVERSION = YES;
				CLANG_WARN_DIRECT_OBJC_ISA_USAGE = YES_ERROR;
				CLANG_WARN_EMPTY_BODY = YES;
				CLANG_WARN_ENUM_CONVERSION = YES;
				CLANG_WARN_INT_CONVERSION = YES;
				CLANG_WARN_OBJC_ROOT_CLASS = YES_ERROR;
				CLANG_WARN_UNREACHABLE_CODE = YES;
				CLANG_WARN__DUPLICATE_METHOD_MATCH = YES;
				"CODE_SIGN_IDENTITY[sdk=iphoneos*]" = "iPhone Developer";
				COPY_PHASE_STRIP = NO;
				DEBUG_INFORMATION_FORMAT = "dwarf-with-dsym";
				ENABLE_STRICT_OBJC_MSGSEND = YES;
				GCC_C_LANGUAGE_STANDARD = gnu99;
				GCC_DYNAMIC_NO_PIC = NO;
				GCC_NO_COMMON_BLOCKS = YES;
				GCC_OPTIMIZATION_LEVEL = 0;
				GCC_PREPROCESSOR_DEFINITIONS = (
					"DEBUG=1",
					"$(inherited)",
				);
				GCC_SYMBOLS_PRIVATE_EXTERN = NO;
				GCC_WARN_64_TO_32_BIT_CONVERSION = YES;
				GCC_WARN_ABOUT_RETURN_TYPE = YES_ERROR;
				GCC_WARN_UNDECLARED_SELECTOR = YES;
				GCC_WARN_UNINITIALIZED_AUTOS = YES_AGGRESSIVE;
				GCC_WARN_UNUSED_FUNCTION = YES;
				GCC_WARN_UNUSED_VARIABLE = YES;
				IPHONEOS_DEPLOYMENT_TARGET = 8.4;
				MTL_ENABLE_DEBUG_INFO = YES;
				ONLY_ACTIVE_ARCH = YES;
				SDKROOT = iphoneos;
			};
			name = Debug;
		};
		4E9E47F11B8966F700FA4959 /* Release */ = {
			isa = XCBuildConfiguration;
			buildSettings = {
				ALWAYS_SEARCH_USER_PATHS = NO;
				CLANG_CXX_LANGUAGE_STANDARD = "gnu++0x";
				CLANG_CXX_LIBRARY = "libc++";
				CLANG_ENABLE_MODULES = YES;
				CLANG_ENABLE_OBJC_ARC = YES;
				CLANG_WARN_BOOL_CONVERSION = YES;
				CLANG_WARN_CONSTANT_CONVERSION = YES;
				CLANG_WARN_DIRECT_OBJC_ISA_USAGE = YES_ERROR;
				CLANG_WARN_EMPTY_BODY = YES;
				CLANG_WARN_ENUM_CONVERSION = YES;
				CLANG_WARN_INT_CONVERSION = YES;
				CLANG_WARN_OBJC_ROOT_CLASS = YES_ERROR;
				CLANG_WARN_UNREACHABLE_CODE = YES;
				CLANG_WARN__DUPLICATE_METHOD_MATCH = YES;
				"CODE_SIGN_IDENTITY[sdk=iphoneos*]" = "iPhone Developer";
				COPY_PHASE_STRIP = NO;
				DEBUG_INFORMATION_FORMAT = "dwarf-with-dsym";
				ENABLE_NS_ASSERTIONS = NO;
				ENABLE_STRICT_OBJC_MSGSEND = YES;
				GCC_C_LANGUAGE_STANDARD = gnu99;
				GCC_NO_COMMON_BLOCKS = YES;
				GCC_WARN_64_TO_32_BIT_CONVERSION = YES;
				GCC_WARN_ABOUT_RETURN_TYPE = YES_ERROR;
				GCC_WARN_UNDECLARED_SELECTOR = YES;
				GCC_WARN_UNINITIALIZED_AUTOS = YES_AGGRESSIVE;
				GCC_WARN_UNUSED_FUNCTION = YES;
				GCC_WARN_UNUSED_VARIABLE = YES;
				IPHONEOS_DEPLOYMENT_TARGET = 8.4;
				MTL_ENABLE_DEBUG_INFO = NO;
				SDKROOT = iphoneos;
				VALIDATE_PRODUCT = YES;
			};
			name = Release;
		};
		4E9E47F31B8966F700FA4959 /* Debug */ = {
			isa = XCBuildConfiguration;
			buildSettings = {
				ASSETCATALOG_COMPILER_APPICON_NAME = AppIcon;
				INFOPLIST_FILE = WaterFile/Info.plist;
				LD_RUNPATH_SEARCH_PATHS = "$(inherited) @executable_path/Frameworks";
				PRODUCT_NAME = "$(TARGET_NAME)";
			};
			name = Debug;
		};
		4E9E47F41B8966F700FA4959 /* Release */ = {
			isa = XCBuildConfiguration;
			buildSettings = {
				ASSETCATALOG_COMPILER_APPICON_NAME = AppIcon;
				INFOPLIST_FILE = WaterFile/Info.plist;
				LD_RUNPATH_SEARCH_PATHS = "$(inherited) @executable_path/Frameworks";
				PRODUCT_NAME = "$(TARGET_NAME)";
			};
			name = Release;
		};
		4E9E47F61B8966F700FA4959 /* Debug */ = {
			isa = XCBuildConfiguration;
			buildSettings = {
				BUNDLE_LOADER = "$(TEST_HOST)";
				FRAMEWORK_SEARCH_PATHS = (
					"$(SDKROOT)/Developer/Library/Frameworks",
					"$(inherited)",
				);
				GCC_PREPROCESSOR_DEFINITIONS = (
					"DEBUG=1",
					"$(inherited)",
				);
				INFOPLIST_FILE = WaterFileTests/Info.plist;
				LD_RUNPATH_SEARCH_PATHS = "$(inherited) @executable_path/Frameworks @loader_path/Frameworks";
				PRODUCT_NAME = "$(TARGET_NAME)";
				TEST_HOST = "$(BUILT_PRODUCTS_DIR)/WaterFile.app/WaterFile";
			};
			name = Debug;
		};
		4E9E47F71B8966F700FA4959 /* Release */ = {
			isa = XCBuildConfiguration;
			buildSettings = {
				BUNDLE_LOADER = "$(TEST_HOST)";
				FRAMEWORK_SEARCH_PATHS = (
					"$(SDKROOT)/Developer/Library/Frameworks",
					"$(inherited)",
				);
				INFOPLIST_FILE = WaterFileTests/Info.plist;
				LD_RUNPATH_SEARCH_PATHS = "$(inherited) @executable_path/Frameworks @loader_path/Frameworks";
				PRODUCT_NAME = "$(TARGET_NAME)";
				TEST_HOST = "$(BUILT_PRODUCTS_DIR)/WaterFile.app/WaterFile";
			};
			name = Release;
		};
/* End XCBuildConfiguration section */

/* Begin XCConfigurationList section */
		4E9E47C71B8966F700FA4959 /* Build configuration list for PBXProject "WaterFile" */ = {
			isa = XCConfigurationList;
			buildConfigurations = (
				4E9E47F01B8966F700FA4959 /* Debug */,
				4E9E47F11B8966F700FA4959 /* Release */,
			);
			defaultConfigurationIsVisible = 0;
			defaultConfigurationName = Release;
		};
		4E9E47F21B8966F700FA4959 /* Build configuration list for PBXNativeTarget "WaterFile" */ = {
			isa = XCConfigurationList;
			buildConfigurations = (
				4E9E47F31B8966F700FA4959 /* Debug */,
				4E9E47F41B8966F700FA4959 /* Release */,
			);
			defaultConfigurationIsVisible = 0;
			defaultConfigurationName = Release;
		};
		4E9E47F51B8966F700FA4959 /* Build configuration list for PBXNativeTarget "WaterFileTests" */ = {
			isa = XCConfigurationList;
			buildConfigurations = (
				4E9E47F61B8966F700FA4959 /* Debug */,
				4E9E47F71B8966F700FA4959 /* Release */,
			);
			defaultConfigurationIsVisible = 0;
			defaultConfigurationName = Release;
		};
/* End XCConfigurationList section */

/* Begin XCVersionGroup section */
		4E9E47D61B8966F700FA4959 /* WaterFile.xcdatamodeld */ = {
			isa = XCVersionGroup;
			children = (
				4E9E47D71B8966F700FA4959 /* WaterFile.xcdatamodel */,
			);
			currentVersion = 4E9E47D71B8966F700FA4959 /* WaterFile.xcdatamodel */;
			path = WaterFile.xcdatamodeld;
			sourceTree = "<group>";
			versionGroupType = wrapper.xcdatamodel;
		};
/* End XCVersionGroup section */
	};
	rootObject = 4E9E47C41B8966F700FA4959 /* Project object */;
}
